{
  "name": "@apathia/apathia.twind",
  "version": "0.0.4",
  "lockfileVersion": 2,
  "requires": true,
  "packages": {
    "": {
      "name": "@apathia/apathia.twind",
      "version": "0.0.4",
      "dependencies": {
        "lodash": "^4.17.21",
        "twind": "^0.16.17"
      },
      "devDependencies": {
        "@types/lodash": "^4.14.182",
        "vue": "^3.2.37"
      },
      "peerDependencies": {
        "vue": "^3.2.37"
      }
    },
    "../../node_modules/.pnpm/lodash@4.17.21/node_modules/lodash": {
      "version": "4.17.21",
      "license": "MIT"
    },
    "../../node_modules/.pnpm/twind@0.16.17/node_modules/twind": {
      "version": "0.16.17",
      "license": "MIT",
      "dependencies": {
        "csstype": "^3.0.5",
        "htmlparser2": "^6.0.0",
        "style-vendorizer": "^2.0.0"
      },
      "engines": {
        "node": ">=10.13"
      },
      "peerDependencies": {
        "typescript": "^4.1.0"
      },
      "peerDependenciesMeta": {
        "typescript": {
          "optional": true
        }
      }
    },
    "../../node_modules/.pnpm/vue@3.2.37/node_modules/vue": {
      "version": "3.2.37",
      "dev": true,
      "license": "MIT",
      "dependencies": {
        "@vue/compiler-dom": "3.2.37",
        "@vue/compiler-sfc": "3.2.37",
        "@vue/runtime-dom": "3.2.37",
        "@vue/server-renderer": "3.2.37",
        "@vue/shared": "3.2.37"
      }
    },
    "node_modules/@types/lodash": {
      "version": "4.14.182",
      "resolved": "https://registry.npmjs.org/@types/lodash/-/lodash-4.14.182.tgz",
      "integrity": "sha512-/THyiqyQAP9AfARo4pF+aCGcyiQ94tX/Is2I7HofNRqoYLgN1PBoOWu2/zTA5zMxzP5EFutMtWtGAFRKUe961Q==",
      "dev": true
    },
    "node_modules/lodash": {
      "resolved": "../../node_modules/.pnpm/lodash@4.17.21/node_modules/lodash",
      "link": true
    },
    "node_modules/twind": {
      "resolved": "../../node_modules/.pnpm/twind@0.16.17/node_modules/twind",
      "link": true
    },
    "node_modules/vue": {
      "resolved": "../../node_modules/.pnpm/vue@3.2.37/node_modules/vue",
      "link": true
    }
  },
  "dependencies": {
    "@types/lodash": {
      "version": "4.14.182",
      "resolved": "https://registry.npmjs.org/@types/lodash/-/lodash-4.14.182.tgz",
      "integrity": "sha512-/THyiqyQAP9AfARo4pF+aCGcyiQ94tX/Is2I7HofNRqoYLgN1PBoOWu2/zTA5zMxzP5EFutMtWtGAFRKUe961Q==",
      "dev": true
    },
    "lodash": {
      "version": "file:../../node_modules/.pnpm/lodash@4.17.21/node_modules/lodash"
    },
    "twind": {
      "version": "file:../../node_modules/.pnpm/twind@0.16.17/node_modules/twind",
      "requires": {
        "csstype": "^3.0.5",
        "htmlparser2": "^6.0.0",
        "style-vendorizer": "^2.0.0"
      }
    },
    "vue": {
      "version": "file:../../node_modules/.pnpm/vue@3.2.37/node_modules/vue",
      "requires": {
        "@vue/compiler-dom": "3.2.37",
        "@vue/compiler-sfc": "3.2.37",
        "@vue/runtime-dom": "3.2.37",
        "@vue/server-renderer": "3.2.37",
        "@vue/shared": "3.2.37"
      }
    }
  }
}
